
Microsoft Visual Studio Solution File, Format Version 12.00
# Visual Studio Version 17
VisualStudioVersion = 17.3.32825.248
MinimumVisualStudioVersion = 10.0.40219.1
Project("{FAE04EC0-301F-11D3-BF4B-00C04F79EFBC}") = "StudentRegistrationApplication", "StudentRegistrationApplication\StudentRegistrationApplication.csproj", "{DE2D6DFB-4552-457F-95DC-0FA00197D6CB}"
EndProject
Global
	GlobalSection(SolutionConfigurationPlatforms) = preSolution
		Debug|Any CPU = Debug|Any CPU
		Release|Any CPU = Release|Any CPU
	EndGlobalSection
	GlobalSection(ProjectConfigurationPlatforms) = postSolution
		{DE2D6DFB-4552-457F-95DC-0FA00197D6CB}.Debug|Any CPU.ActiveCfg = Debug|Any CPU
		{DE2D6DFB-4552-457F-95DC-0FA00197D6CB}.Debug|Any CPU.Build.0 = Debug|Any CPU
		{DE2D6DFB-4552-457F-95DC-0FA00197D6CB}.Release|Any CPU.ActiveCfg = Release|Any CPU
		{DE2D6DFB-4552-457F-95DC-0FA00197D6CB}.Release|Any CPU.Build.0 = Release|Any CPU
	EndGlobalSection
	GlobalSection(SolutionProperties) = preSolution
		HideSolutionNode = FALSE
	EndGlobalSection
	GlobalSection(ExtensibilityGlobals) = postSolution
		SolutionGuid = {222F35E4-B95F-4AE2-8306-79853B186FDD}
	EndGlobalSection
EndGlobal
